
Microsoft Visual Studio Solution File, Format Version 12.00
# Visual Studio 14
VisualStudioVersion = 14.0.23107.0
MinimumVisualStudioVersion = 10.0.40219.1
Project("{2150E333-8FDC-42A3-9474-1A3956D46DE8}") = "Core", "Core", "{CC33E132-084B-47B7-B287-1081DF404DED}"
EndProject
Project("{2150E333-8FDC-42A3-9474-1A3956D46DE8}") = "Infrastructure", "Infrastructure", "{B99086A6-F99C-48ED-A34E-1B2FB5008BD9}"
EndProject
Project("{2150E333-8FDC-42A3-9474-1A3956D46DE8}") = "App", "App", "{F02374A8-D77E-41BE-9EDF-E0F90F66B089}"
EndProject
Project("{FAE04EC0-301F-11D3-BF4B-00C04F79EFBC}") = "FS.Core.Services", "FS.Core.Services\FS.Core.Services.csproj", "{AE9B301E-1DE1-42C0-B834-7391C3CF7955}"
EndProject
Project("{FAE04EC0-301F-11D3-BF4B-00C04F79EFBC}") = "FS.Infrastructure.DependencyResolution", "FS.Infrastructure.DependencyResolution\FS.Infrastructure.DependencyResolution.csproj", "{05D26E9E-75F2-4BFD-B18E-8EB6EF654878}"
EndProject
Project("{FAE04EC0-301F-11D3-BF4B-00C04F79EFBC}") = "FS.Core.Entities", "FS.Core.Entities\FS.Core.Entities.csproj", "{71AAC1F2-F1DE-4A81-B7BA-E4239E6227D6}"
EndProject
Project("{FAE04EC0-301F-11D3-BF4B-00C04F79EFBC}") = "FS.Infrastructure.Services", "FS.Infrastructure.Services\FS.Infrastructure.Services.csproj", "{E45E6F81-31B0-4E5D-96D6-86ED8E433CA1}"
EndProject
Project("{FAE04EC0-301F-11D3-BF4B-00C04F79EFBC}") = "FS.App.Console", "FS.App.Console\FS.App.Console.csproj", "{67A0D422-F4AD-4ACA-AF68-96F6E8E14E44}"
EndProject
Project("{FAE04EC0-301F-11D3-BF4B-00C04F79EFBC}") = "FS.App.Mvc5.Admin", "FS.App.Mvc5.Admin\FS.App.Mvc5.Admin.csproj", "{02540A21-1B54-4C3E-A788-317A9EEDE440}"
EndProject
Project("{FAE04EC0-301F-11D3-BF4B-00C04F79EFBC}") = "FS.Core.Repositories", "FS.Core.Repositories\FS.Core.Repositories.csproj", "{F6B64882-E9A2-47E4-91B4-2325242FE102}"
EndProject
Project("{FAE04EC0-301F-11D3-BF4B-00C04F79EFBC}") = "FS.Infrastructure.Repositories", "FS.Infrastructure.Repositories\FS.Infrastructure.Repositories.csproj", "{25A89A21-3A6F-4BAC-806A-B1AE695DBA0C}"
EndProject
Project("{FAE04EC0-301F-11D3-BF4B-00C04F79EFBC}") = "FS.App.Mvc5.Game", "FS.App.Mvc5.Game\FS.App.Mvc5.Game.csproj", "{A40FE544-5D0D-4015-9052-D61C1A8552E8}"
EndProject
Global
	GlobalSection(SolutionConfigurationPlatforms) = preSolution
		Debug|Any CPU = Debug|Any CPU
		Release|Any CPU = Release|Any CPU
	EndGlobalSection
	GlobalSection(ProjectConfigurationPlatforms) = postSolution
		{AE9B301E-1DE1-42C0-B834-7391C3CF7955}.Debug|Any CPU.ActiveCfg = Debug|Any CPU
		{AE9B301E-1DE1-42C0-B834-7391C3CF7955}.Debug|Any CPU.Build.0 = Debug|Any CPU
		{AE9B301E-1DE1-42C0-B834-7391C3CF7955}.Release|Any CPU.ActiveCfg = Release|Any CPU
		{AE9B301E-1DE1-42C0-B834-7391C3CF7955}.Release|Any CPU.Build.0 = Release|Any CPU
		{05D26E9E-75F2-4BFD-B18E-8EB6EF654878}.Debug|Any CPU.ActiveCfg = Debug|Any CPU
		{05D26E9E-75F2-4BFD-B18E-8EB6EF654878}.Debug|Any CPU.Build.0 = Debug|Any CPU
		{05D26E9E-75F2-4BFD-B18E-8EB6EF654878}.Release|Any CPU.ActiveCfg = Release|Any CPU
		{05D26E9E-75F2-4BFD-B18E-8EB6EF654878}.Release|Any CPU.Build.0 = Release|Any CPU
		{71AAC1F2-F1DE-4A81-B7BA-E4239E6227D6}.Debug|Any CPU.ActiveCfg = Debug|Any CPU
		{71AAC1F2-F1DE-4A81-B7BA-E4239E6227D6}.Debug|Any CPU.Build.0 = Debug|Any CPU
		{71AAC1F2-F1DE-4A81-B7BA-E4239E6227D6}.Release|Any CPU.ActiveCfg = Release|Any CPU
		{71AAC1F2-F1DE-4A81-B7BA-E4239E6227D6}.Release|Any CPU.Build.0 = Release|Any CPU
		{E45E6F81-31B0-4E5D-96D6-86ED8E433CA1}.Debug|Any CPU.ActiveCfg = Debug|Any CPU
		{E45E6F81-31B0-4E5D-96D6-86ED8E433CA1}.Debug|Any CPU.Build.0 = Debug|Any CPU
		{E45E6F81-31B0-4E5D-96D6-86ED8E433CA1}.Release|Any CPU.ActiveCfg = Release|Any CPU
		{E45E6F81-31B0-4E5D-96D6-86ED8E433CA1}.Release|Any CPU.Build.0 = Release|Any CPU
		{67A0D422-F4AD-4ACA-AF68-96F6E8E14E44}.Debug|Any CPU.ActiveCfg = Debug|Any CPU
		{67A0D422-F4AD-4ACA-AF68-96F6E8E14E44}.Debug|Any CPU.Build.0 = Debug|Any CPU
		{67A0D422-F4AD-4ACA-AF68-96F6E8E14E44}.Release|Any CPU.ActiveCfg = Release|Any CPU
		{67A0D422-F4AD-4ACA-AF68-96F6E8E14E44}.Release|Any CPU.Build.0 = Release|Any CPU
		{02540A21-1B54-4C3E-A788-317A9EEDE440}.Debug|Any CPU.ActiveCfg = Debug|Any CPU
		{02540A21-1B54-4C3E-A788-317A9EEDE440}.Debug|Any CPU.Build.0 = Debug|Any CPU
		{02540A21-1B54-4C3E-A788-317A9EEDE440}.Release|Any CPU.ActiveCfg = Release|Any CPU
		{02540A21-1B54-4C3E-A788-317A9EEDE440}.Release|Any CPU.Build.0 = Release|Any CPU
		{F6B64882-E9A2-47E4-91B4-2325242FE102}.Debug|Any CPU.ActiveCfg = Debug|Any CPU
		{F6B64882-E9A2-47E4-91B4-2325242FE102}.Debug|Any CPU.Build.0 = Debug|Any CPU
		{F6B64882-E9A2-47E4-91B4-2325242FE102}.Release|Any CPU.ActiveCfg = Release|Any CPU
		{F6B64882-E9A2-47E4-91B4-2325242FE102}.Release|Any CPU.Build.0 = Release|Any CPU
		{25A89A21-3A6F-4BAC-806A-B1AE695DBA0C}.Debug|Any CPU.ActiveCfg = Debug|Any CPU
		{25A89A21-3A6F-4BAC-806A-B1AE695DBA0C}.Debug|Any CPU.Build.0 = Debug|Any CPU
		{25A89A21-3A6F-4BAC-806A-B1AE695DBA0C}.Release|Any CPU.ActiveCfg = Release|Any CPU
		{25A89A21-3A6F-4BAC-806A-B1AE695DBA0C}.Release|Any CPU.Build.0 = Release|Any CPU
		{A40FE544-5D0D-4015-9052-D61C1A8552E8}.Debug|Any CPU.ActiveCfg = Debug|Any CPU
		{A40FE544-5D0D-4015-9052-D61C1A8552E8}.Debug|Any CPU.Build.0 = Debug|Any CPU
		{A40FE544-5D0D-4015-9052-D61C1A8552E8}.Release|Any CPU.ActiveCfg = Release|Any CPU
		{A40FE544-5D0D-4015-9052-D61C1A8552E8}.Release|Any CPU.Build.0 = Release|Any CPU
	EndGlobalSection
	GlobalSection(SolutionProperties) = preSolution
		HideSolutionNode = FALSE
	EndGlobalSection
	GlobalSection(NestedProjects) = preSolution
		{AE9B301E-1DE1-42C0-B834-7391C3CF7955} = {CC33E132-084B-47B7-B287-1081DF404DED}
		{05D26E9E-75F2-4BFD-B18E-8EB6EF654878} = {B99086A6-F99C-48ED-A34E-1B2FB5008BD9}
		{71AAC1F2-F1DE-4A81-B7BA-E4239E6227D6} = {CC33E132-084B-47B7-B287-1081DF404DED}
		{E45E6F81-31B0-4E5D-96D6-86ED8E433CA1} = {B99086A6-F99C-48ED-A34E-1B2FB5008BD9}
		{67A0D422-F4AD-4ACA-AF68-96F6E8E14E44} = {F02374A8-D77E-41BE-9EDF-E0F90F66B089}
		{02540A21-1B54-4C3E-A788-317A9EEDE440} = {F02374A8-D77E-41BE-9EDF-E0F90F66B089}
		{F6B64882-E9A2-47E4-91B4-2325242FE102} = {CC33E132-084B-47B7-B287-1081DF404DED}
		{25A89A21-3A6F-4BAC-806A-B1AE695DBA0C} = {B99086A6-F99C-48ED-A34E-1B2FB5008BD9}
		{A40FE544-5D0D-4015-9052-D61C1A8552E8} = {F02374A8-D77E-41BE-9EDF-E0F90F66B089}
	EndGlobalSection
EndGlobal
